
Microsoft Visual Studio Solution File, Format Version 12.00
# Visual Studio 15
VisualStudioVersion = 15.0.27428.2037
MinimumVisualStudioVersion = 10.0.40219.1
Project("{FAE04EC0-301F-11D3-BF4B-00C04F79EFBC}") = "statistics", "statistics\statistics.csproj", "{199D95E0-751C-4D7F-8F0D-966E3EE4417D}"
EndProject
Global
	GlobalSection(SolutionConfigurationPlatforms) = preSolution
		Debug|Any CPU = Debug|Any CPU
		Release|Any CPU = Release|Any CPU
	EndGlobalSection
	GlobalSection(ProjectConfigurationPlatforms) = postSolution
		{199D95E0-751C-4D7F-8F0D-966E3EE4417D}.Debug|Any CPU.ActiveCfg = Debug|Any CPU
		{199D95E0-751C-4D7F-8F0D-966E3EE4417D}.Debug|Any CPU.Build.0 = Debug|Any CPU
		{199D95E0-751C-4D7F-8F0D-966E3EE4417D}.Release|Any CPU.ActiveCfg = Release|Any CPU
		{199D95E0-751C-4D7F-8F0D-966E3EE4417D}.Release|Any CPU.Build.0 = Release|Any CPU
	EndGlobalSection
	GlobalSection(SolutionProperties) = preSolution
		HideSolutionNode = FALSE
	EndGlobalSection
	GlobalSection(ExtensibilityGlobals) = postSolution
		SolutionGuid = {0B4A07A1-7797-444E-8DA5-34DCE4ADFF8A}
	EndGlobalSection
EndGlobal
